schema: '2.0'
stages:
  load_data:
    cmd: python src/load_data.py --config=params.yaml
    deps:
    - path: data_given/winequality.csv
      md5: ccc8d3507eb151f53f760d36abdef888
      size: 91998
    - path: src/get_data.py
      md5: aafdb857e7d742d15508d1cad6adbbf9
      size: 689
    - path: src/load_data.py
      md5: 971fb0102e97075db537de06ed205bae
      size: 675
    outs:
    - path: data/raw/winequality.csv
      md5: d98e8f2eca228c11c4de1cc96866a54d
      size: 93598
  split_data:
    cmd: python src/split_data.py --config=params.yaml
    deps:
    - path: data/raw/winequality.csv
      md5: d98e8f2eca228c11c4de1cc96866a54d
      size: 93598
    - path: src/split_data.py
      md5: 339ee49b11b3b00a22d29953c8bbba31
      size: 1071
    outs:
    - path: data/processed/test_winequality.csv
      md5: 01718da3bd6e206060ed00667ca1a389
      size: 18831
    - path: data/processed/train_winequality.csv
      md5: 4bccf4d668cdc60115de42ba74d416ab
      size: 74913
  train_and_evaluate:
    cmd: python src/train_and_evaluate.py --config=params.yaml
    deps:
    - path: data/processed/test_winequality.csv
      md5: 01718da3bd6e206060ed00667ca1a389
      size: 18831
    - path: data/processed/train_winequality.csv
      md5: 4bccf4d668cdc60115de42ba74d416ab
      size: 74913
    - path: src/train_and_evaluate.py
      md5: fc1148b3ebe8b64e3895e2415652d95c
      size: 2561
    params:
      params.yaml:
        estimators.ElasticNet.params.alpha: 0.95
        estimators.ElasticNet.params.l1_ratio: 0.45
    outs:
    - path: report/params.json
      md5: 54c41442a4b474cb723b9a4947eca769
      size: 46
    - path: report/scores.json
      md5: d53ce66ede85d2719b6eb9a109be514e
      size: 101
    - path: saved_models/model.joblib
      md5: ac6d7d93f9920096161753cda5830b5b
      size: 1336
